// !$*UTF8*$!
{
	archiveVersion = 1;
	classes = {
	};
	objectVersion = 56;
	objects = {

/* Begin PBXBuildFile section */
		24A33BE72A79AA720037C892 /* minLonApp.swift in Sources */ = {isa = PBXBuildFile; fileRef = 24A33BE62A79AA720037C892 /* minLonApp.swift */; };
		24A33BE92A79AA720037C892 /* ContentView.swift in Sources */ = {isa = PBXBuildFile; fileRef = 24A33BE82A79AA720037C892 /* ContentView.swift */; };
		24A33BEB2A79AA760037C892 /* Assets.xcassets in Resources */ = {isa = PBXBuildFile; fileRef = 24A33BEA2A79AA760037C892 /* Assets.xcassets */; };
		24A33BEE2A79AA760037C892 /* Preview Assets.xcassets in Resources */ = {isa = PBXBuildFile; fileRef = 24A33BED2A79AA760037C892 /* Preview Assets.xcassets */; };
		24A33BF82A79AA760037C892 /* minLonTests.swift in Sources */ = {isa = PBXBuildFile; fileRef = 24A33BF72A79AA760037C892 /* minLonTests.swift */; };
		24A33C022A79AA760037C892 /* minLonUITests.swift in Sources */ = {isa = PBXBuildFile; fileRef = 24A33C012A79AA760037C892 /* minLonUITests.swift */; };
		24A33C042A79AA760037C892 /* minLonUITestsLaunchTests.swift in Sources */ = {isa = PBXBuildFile; fileRef = 24A33C032A79AA760037C892 /* minLonUITestsLaunchTests.swift */; };
/* End PBXBuildFile section */

/* Begin PBXContainerItemProxy section */
		24A33BF42A79AA760037C892 /* PBXContainerItemProxy */ = {
			isa = PBXContainerItemProxy;
			containerPortal = 24A33BDB2A79AA720037C892 /* Project object */;
			proxyType = 1;
			remoteGlobalIDString = 24A33BE22A79AA720037C892;
			remoteInfo = minLon;
		};
		24A33BFE2A79AA760037C892 /* PBXContainerItemProxy */ = {
			isa = PBXContainerItemProxy;
			containerPortal = 24A33BDB2A79AA720037C892 /* Project object */;
			proxyType = 1;
			remoteGlobalIDString = 24A33BE22A79AA720037C892;
			remoteInfo = minLon;
		};
/* End PBXContainerItemProxy section */

/* Begin PBXFileReference section */
		24A33BE32A79AA720037C892 /* minLon.app */ = {isa = PBXFileReference; explicitFileType = wrapper.application; includeInIndex = 0; path = minLon.app; sourceTree = BUILT_PRODUCTS_DIR; };
		24A33BE62A79AA720037C892 /* minLonApp.swift */ = {isa = PBXFileReference; lastKnownFileType = sourcecode.swift; path = minLonApp.swift; sourceTree = "<group>"; };
		24A33BE82A79AA720037C892 /* ContentView.swift */ = {isa = PBXFileReference; lastKnownFileType = sourcecode.swift; path = ContentView.swift; sourceTree = "<group>"; };
		24A33BEA2A79AA760037C892 /* Assets.xcassets */ = {isa = PBXFileReference; lastKnownFileType = folder.assetcatalog; path = Assets.xcassets; sourceTree = "<group>"; };
		24A33BED2A79AA760037C892 /* Preview Assets.xcassets */ = {isa = PBXFileReference; lastKnownFileType = folder.assetcatalog; path = "Preview Assets.xcassets"; sourceTree = "<group>"; };
		24A33BF32A79AA760037C892 /* minLonTests.xctest */ = {isa = PBXFileReference; explicitFileType = wrapper.cfbundle; includeInIndex = 0; path = minLonTests.xctest; sourceTree = BUILT_PRODUCTS_DIR; };
		24A33BF72A79AA760037C892 /* minLonTests.swift */ = {isa = PBXFileReference; lastKnownFileType = sourcecode.swift; path = minLonTests.swift; sourceTree = "<group>"; };
		24A33BFD2A79AA760037C892 /* minLonUITests.xctest */ = {isa = PBXFileReference; explicitFileType = wrapper.cfbundle; includeInIndex = 0; path = minLonUITests.xctest; sourceTree = BUILT_PRODUCTS_DIR; };
		24A33C012A79AA760037C892 /* minLonUITests.swift */ = {isa = PBXFileReference; lastKnownFileType = sourcecode.swift; path = minLonUITests.swift; sourceTree = "<group>"; };
		24A33C032A79AA760037C892 /* minLonUITestsLaunchTests.swift */ = {isa = PBXFileReference; lastKnownFileType = sourcecode.swift; path = minLonUITestsLaunchTests.swift; sourceTree = "<group>"; };
/* End PBXFileReference section */

/* Begin PBXFrameworksBuildPhase section */
		24A33BE02A79AA720037C892 /* Frameworks */ = {
			isa = PBXFrameworksBuildPhase;
			buildActionMask = 2147483647;
			files = (
			);
			runOnlyForDeploymentPostprocessing = 0;
		};
		24A33BF02A79AA760037C892 /* Frameworks */ = {
			isa = PBXFrameworksBuildPhase;
			buildActionMask = 2147483647;
			files = (
			);
			runOnlyForDeploymentPostprocessing = 0;
		};
		24A33BFA2A79AA760037C892 /* Frameworks */ = {
			isa = PBXFrameworksBuildPhase;
			buildActionMask = 2147483647;
			files = (
			);
			runOnlyForDeploymentPostprocessing = 0;
		};
/* End PBXFrameworksBuildPhase section */

/* Begin PBXGroup section */
		24A33BDA2A79AA720037C892 = {
			isa = PBXGroup;
			children = (
				24A33BE52A79AA720037C892 /* minLon */,
				24A33BF62A79AA760037C892 /* minLonTests */,
				24A33C002A79AA760037C892 /* minLonUITests */,
				24A33BE42A79AA720037C892 /* Products */,
			);
			sourceTree = "<group>";
		};
		24A33BE42A79AA720037C892 /* Products */ = {
			isa = PBXGroup;
			children = (
				24A33BE32A79AA720037C892 /* minLon.app */,
				24A33BF32A79AA760037C892 /* minLonTests.xctest */,
				24A33BFD2A79AA760037C892 /* minLonUITests.xctest */,
			);
			name = Products;
			sourceTree = "<group>";
		};
		24A33BE52A79AA720037C892 /* minLon */ = {
			isa = PBXGroup;
			children = (
				24A33BE62A79AA720037C892 /* minLonApp.swift */,
				24A33BE82A79AA720037C892 /* ContentView.swift */,
				24A33BEA2A79AA760037C892 /* Assets.xcassets */,
				24A33BEC2A79AA760037C892 /* Preview Content */,
			);
			path = minLon;
			sourceTree = "<group>";
		};
		24A33BEC2A79AA760037C892 /* Preview Content */ = {
			isa = PBXGroup;
			children = (
				24A33BED2A79AA760037C892 /* Preview Assets.xcassets */,
			);
			path = "Preview Content";
			sourceTree = "<group>";
		};
		24A33BF62A79AA760037C892 /* minLonTests */ = {
			isa = PBXGroup;
			children = (
				24A33BF72A79AA760037C892 /* minLonTests.swift */,
			);
			path = minLonTests;
			sourceTree = "<group>";
		};
		24A33C002A79AA760037C892 /* minLonUITests */ = {
			isa = PBXGroup;
			children = (
				24A33C012A79AA760037C892 /* minLonUITests.swift */,
				24A33C032A79AA760037C892 /* minLonUITestsLaunchTests.swift */,
			);
			path = minLonUITests;
			sourceTree = "<group>";
		};
/* End PBXGroup section */

/* Begin PBXNativeTarget section */
		24A33BE22A79AA720037C892 /* minLon */ = {
			isa = PBXNativeTarget;
			buildConfigurationList = 24A33C072A79AA760037C892 /* Build configuration list for PBXNativeTarget "minLon" */;
			buildPhases = (
				24A33BDF2A79AA720037C892 /* Sources */,
				24A33BE02A79AA720037C892 /* Frameworks */,
				24A33BE12A79AA720037C892 /* Resources */,
			);
			buildRules = (
			);
			dependencies = (
			);
			name = minLon;
			productName = minLon;
			productReference = 24A33BE32A79AA720037C892 /* minLon.app */;
			productType = "com.apple.product-type.application";
		};
		24A33BF22A79AA760037C892 /* minLonTests */ = {
			isa = PBXNativeTarget;
			buildConfigurationList = 24A33C0A2A79AA760037C892 /* Build configuration list for PBXNativeTarget "minLonTests" */;
			buildPhases = (
				24A33BEF2A79AA760037C892 /* Sources */,
				24A33BF02A79AA760037C892 /* Frameworks */,
				24A33BF12A79AA760037C892 /* Resources */,
			);
			buildRules = (
			);
			dependencies = (
				24A33BF52A79AA760037C892 /* PBXTargetDependency */,
			);
			name = minLonTests;
			productName = minLonTests;
			productReference = 24A33BF32A79AA760037C892 /* minLonTests.xctest */;
			productType = "com.apple.product-type.bundle.unit-test";
		};
		24A33BFC2A79AA760037C892 /* minLonUITests */ = {
			isa = PBXNativeTarget;
			buildConfigurationList = 24A33C0D2A79AA760037C892 /* Build configuration list for PBXNativeTarget "minLonUITests" */;
			buildPhases = (
				24A33BF92A79AA760037C892 /* Sources */,
				24A33BFA2A79AA760037C892 /* Frameworks */,
				24A33BFB2A79AA760037C892 /* Resources */,
			);
			buildRules = (
			);
			dependencies = (
				24A33BFF2A79AA760037C892 /* PBXTargetDependency */,
			);
			name = minLonUITests;
			productName = minLonUITests;
			productReference = 24A33BFD2A79AA760037C892 /* minLonUITests.xctest */;
			productType = "com.apple.product-type.bundle.ui-testing";
		};
/* End PBXNativeTarget section */

/* Begin PBXProject section */
		24A33BDB2A79AA720037C892 /* Project object */ = {
			isa = PBXProject;
			attributes = {
				BuildIndependentTargetsInParallel = 1;
				LastSwiftUpdateCheck = 1500;
				LastUpgradeCheck = 1500;
				TargetAttributes = {
					24A33BE22A79AA720037C892 = {
						CreatedOnToolsVersion = 15.0;
					};
					24A33BF22A79AA760037C892 = {
						CreatedOnToolsVersion = 15.0;
						TestTargetID = 24A33BE22A79AA720037C892;
					};
					24A33BFC2A79AA760037C892 = {
						CreatedOnToolsVersion = 15.0;
						TestTargetID = 24A33BE22A79AA720037C892;
					};
				};
			};
			buildConfigurationList = 24A33BDE2A79AA720037C892 /* Build configuration list for PBXProject "minLon" */;
			compatibilityVersion = "Xcode 14.0";
			developmentRegion = en;
			hasScannedForEncodings = 0;
			knownRegions = (
				en,
				Base,
			);
			mainGroup = 24A33BDA2A79AA720037C892;
			productRefGroup = 24A33BE42A79AA720037C892 /* Products */;
			projectDirPath = "";
			projectRoot = "";
			targets = (
				24A33BE22A79AA720037C892 /* minLon */,
				24A33BF22A79AA760037C892 /* minLonTests */,
				24A33BFC2A79AA760037C892 /* minLonUITests */,
			);
		};
/* End PBXProject section */

/* Begin PBXResourcesBuildPhase section */
		24A33BE12A79AA720037C892 /* Resources */ = {
			isa = PBXResourcesBuildPhase;
			buildActionMask = 2147483647;
			files = (
				24A33BEE2A79AA760037C892 /* Preview Assets.xcassets in Resources */,
				24A33BEB2A79AA760037C892 /* Assets.xcassets in Resources */,
			);
			runOnlyForDeploymentPostprocessing = 0;
		};
		24A33BF12A79AA760037C892 /* Resources */ = {
			isa = PBXResourcesBuildPhase;
			buildActionMask = 2147483647;
			files = (
			);
			runOnlyForDeploymentPostprocessing = 0;
		};
		24A33BFB2A79AA760037C892 /* Resources */ = {
			isa = PBXResourcesBuildPhase;
			buildActionMask = 2147483647;
			files = (
			);
			runOnlyForDeploymentPostprocessing = 0;
		};
/* End PBXResourcesBuildPhase section */

/* Begin PBXSourcesBuildPhase section */
		24A33BDF2A79AA720037C892 /* Sources */ = {
			isa = PBXSourcesBuildPhase;
			buildActionMask = 2147483647;
			files = (
				24A33BE92A79AA720037C892 /* ContentView.swift in Sources */,
				24A33BE72A79AA720037C892 /* minLonApp.swift in Sources */,
			);
			runOnlyForDeploymentPostprocessing = 0;
		};
		24A33BEF2A79AA760037C892 /* Sources */ = {
			isa = PBXSourcesBuildPhase;
			buildActionMask = 2147483647;
			files = (
				24A33BF82A79AA760037C892 /* minLonTests.swift in Sources */,
			);
			runOnlyForDeploymentPostprocessing = 0;
		};
		24A33BF92A79AA760037C892 /* Sources */ = {
			isa = PBXSourcesBuildPhase;
			buildActionMask = 2147483647;
			files = (
				24A33C022A79AA760037C892 /* minLonUITests.swift in Sources */,
				24A33C042A79AA760037C892 /* minLonUITestsLaunchTests.swift in Sources */,
			);
			runOnlyForDeploymentPostprocessing = 0;
		};
/* End PBXSourcesBuildPhase section */

/* Begin PBXTargetDependency section */
		24A33BF52A79AA760037C892 /* PBXTargetDependency */ = {
			isa = PBXTargetDependency;
			target = 24A33BE22A79AA720037C892 /* minLon */;
			targetProxy = 24A33BF42A79AA760037C892 /* PBXContainerItemProxy */;
		};
		24A33BFF2A79AA760037C892 /* PBXTargetDependency */ = {
			isa = PBXTargetDependency;
			target = 24A33BE22A79AA720037C892 /* minLon */;
			targetProxy = 24A33BFE2A79AA760037C892 /* PBXContainerItemProxy */;
		};
/* End PBXTargetDependency section */

/* Begin XCBuildConfiguration section */
		24A33C052A79AA760037C892 /* Debug */ = {
			isa = XCBuildConfiguration;
			buildSettings = {
				ALWAYS_SEARCH_USER_PATHS = NO;
				ASSETCATALOG_COMPILER_GENERATE_SWIFT_ASSET_SYMBOL_EXTENSIONS = YES;
				CLANG_ANALYZER_NONNULL = YES;
				CLANG_ANALYZER_NUMBER_OBJECT_CONVERSION = YES_AGGRESSIVE;
				CLANG_CXX_LANGUAGE_STANDARD = "gnu++20";
				CLANG_ENABLE_MODULES = YES;
				CLANG_ENABLE_OBJC_ARC = YES;
				CLANG_ENABLE_OBJC_WEAK = YES;
				CLANG_WARN_BLOCK_CAPTURE_AUTORELEASING = YES;
				CLANG_WARN_BOOL_CONVERSION = YES;
				CLANG_WARN_COMMA = YES;
				CLANG_WARN_CONSTANT_CONVERSION = YES;
				CLANG_WARN_DEPRECATED_OBJC_IMPLEMENTATIONS = YES;
				CLANG_WARN_DIRECT_OBJC_ISA_USAGE = YES_ERROR;
				CLANG_WARN_DOCUMENTATION_COMMENTS = YES;
				CLANG_WARN_EMPTY_BODY = YES;
				CLANG_WARN_ENUM_CONVERSION = YES;
				CLANG_WARN_INFINITE_RECURSION = YES;
				CLANG_WARN_INT_CONVERSION = YES;
				CLANG_WARN_NON_LITERAL_NULL_CONVERSION = YES;
				CLANG_WARN_OBJC_IMPLICIT_RETAIN_SELF = YES;
				CLANG_WARN_OBJC_LITERAL_CONVERSION = YES;
				CLANG_WARN_OBJC_ROOT_CLASS = YES_ERROR;
				CLANG_WARN_QUOTED_INCLUDE_IN_FRAMEWORK_HEADER = YES;
				CLANG_WARN_RANGE_LOOP_ANALYSIS = YES;
				CLANG_WARN_STRICT_PROTOTYPES = YES;
				CLANG_WARN_SUSPICIOUS_MOVE = YES;
				CLANG_WARN_UNGUARDED_AVAILABILITY = YES_AGGRESSIVE;
				CLANG_WARN_UNREACHABLE_CODE = YES;
				CLANG_WARN__DUPLICATE_METHOD_MATCH = YES;
				COPY_PHASE_STRIP = NO;
				DEBUG_INFORMATION_FORMAT = dwarf;
				ENABLE_STRICT_OBJC_MSGSEND = YES;
				ENABLE_TESTABILITY = YES;
				ENABLE_USER_SCRIPT_SANDBOXING = YES;
				GCC_C_LANGUAGE_STANDARD = gnu17;
				GCC_DYNAMIC_NO_PIC = NO;
				GCC_NO_COMMON_BLOCKS = YES;
				GCC_OPTIMIZATION_LEVEL = 0;
				GCC_PREPROCESSOR_DEFINITIONS = (
					"DEBUG=1",
					"$(inherited)",
				);
				GCC_WARN_64_TO_32_BIT_CONVERSION = YES;
				GCC_WARN_ABOUT_RETURN_TYPE = YES_ERROR;
				GCC_WARN_UNDECLARED_SELECTOR = YES;
				GCC_WARN_UNINITIALIZED_AUTOS = YES_AGGRESSIVE;
				GCC_WARN_UNUSED_FUNCTION = YES;
				GCC_WARN_UNUSED_VARIABLE = YES;
				IPHONEOS_DEPLOYMENT_TARGET = 17.0;
				LOCALIZATION_PREFERS_STRING_CATALOGS = YES;
				MTL_ENABLE_DEBUG_INFO = INCLUDE_SOURCE;
				MTL_FAST_MATH = YES;
				ONLY_ACTIVE_ARCH = YES;
				SDKROOT = iphoneos;
				SWIFT_ACTIVE_COMPILATION_CONDITIONS = "DEBUG $(inherited)";
				SWIFT_OPTIMIZATION_LEVEL = "-Onone";
			};
			name = Debug;
		};
		24A33C062A79AA760037C892 /* Release */ = {
			isa = XCBuildConfiguration;
			buildSettings = {
				ALWAYS_SEARCH_USER_PATHS = NO;
				ASSETCATALOG_COMPILER_GENERATE_SWIFT_ASSET_SYMBOL_EXTENSIONS = YES;
				CLANG_ANALYZER_NONNULL = YES;
				CLANG_ANALYZER_NUMBER_OBJECT_CONVERSION = YES_AGGRESSIVE;
				CLANG_CXX_LANGUAGE_STANDARD = "gnu++20";
				CLANG_ENABLE_MODULES = YES;
				CLANG_ENABLE_OBJC_ARC = YES;
				CLANG_ENABLE_OBJC_WEAK = YES;
				CLANG_WARN_BLOCK_CAPTURE_AUTORELEASING = YES;
				CLANG_WARN_BOOL_CONVERSION = YES;
				CLANG_WARN_COMMA = YES;
				CLANG_WARN_CONSTANT_CONVERSION = YES;
				CLANG_WARN_DEPRECATED_OBJC_IMPLEMENTATIONS = YES;
				CLANG_WARN_DIRECT_OBJC_ISA_USAGE = YES_ERROR;
				CLANG_WARN_DOCUMENTATION_COMMENTS = YES;
				CLANG_WARN_EMPTY_BODY = YES;
				CLANG_WARN_ENUM_CONVERSION = YES;
				CLANG_WARN_INFINITE_RECURSION = YES;
				CLANG_WARN_INT_CONVERSION = YES;
				CLANG_WARN_NON_LITERAL_NULL_CONVERSION = YES;
				CLANG_WARN_OBJC_IMPLICIT_RETAIN_SELF = YES;
				CLANG_WARN_OBJC_LITERAL_CONVERSION = YES;
				CLANG_WARN_OBJC_ROOT_CLASS = YES_ERROR;
				CLANG_WARN_QUOTED_INCLUDE_IN_FRAMEWORK_HEADER = YES;
				CLANG_WARN_RANGE_LOOP_ANALYSIS = YES;
				CLANG_WARN_STRICT_PROTOTYPES = YES;
				CLANG_WARN_SUSPICIOUS_MOVE = YES;
				CLANG_WARN_UNGUARDED_AVAILABILITY = YES_AGGRESSIVE;
				CLANG_WARN_UNREACHABLE_CODE = YES;
				CLANG_WARN__DUPLICATE_METHOD_MATCH = YES;
				COPY_PHASE_STRIP = NO;
				DEBUG_INFORMATION_FORMAT = "dwarf-with-dsym";
				ENABLE_NS_ASSERTIONS = NO;
				ENABLE_STRICT_OBJC_MSGSEND = YES;
				ENABLE_USER_SCRIPT_SANDBOXING = YES;
				GCC_C_LANGUAGE_STANDARD = gnu17;
				GCC_NO_COMMON_BLOCKS = YES;
				GCC_WARN_64_TO_32_BIT_CONVERSION = YES;
				GCC_WARN_ABOUT_RETURN_TYPE = YES_ERROR;
				GCC_WARN_UNDECLARED_SELECTOR = YES;
				GCC_WARN_UNINITIALIZED_AUTOS = YES_AGGRESSIVE;
				GCC_WARN_UNUSED_FUNCTION = YES;
				GCC_WARN_UNUSED_VARIABLE = YES;
				IPHONEOS_DEPLOYMENT_TARGET = 17.0;
				LOCALIZATION_PREFERS_STRING_CATALOGS = YES;
				MTL_ENABLE_DEBUG_INFO = NO;
				MTL_FAST_MATH = YES;
				SDKROOT = iphoneos;
				SWIFT_COMPILATION_MODE = wholemodule;
				VALIDATE_PRODUCT = YES;
			};
			name = Release;
		};
		24A33C082A79AA760037C892 /* Debug */ = {
			isa = XCBuildConfiguration;
			buildSettings = {
				ASSETCATALOG_COMPILER_APPICON_NAME = AppIcon;
				ASSETCATALOG_COMPILER_GLOBAL_ACCENT_COLOR_NAME = AccentColor;
				CODE_SIGN_STYLE = Automatic;
				CURRENT_PROJECT_VERSION = 1;
				DEVELOPMENT_ASSET_PATHS = "\"minLon/Preview Content\"";
				DEVELOPMENT_TEAM = NYZYHCQW32;
				ENABLE_PREVIEWS = YES;
				GENERATE_INFOPLIST_FILE = YES;
				INFOPLIST_KEY_UIApplicationSceneManifest_Generation = YES;
				INFOPLIST_KEY_UIApplicationSupportsIndirectInputEvents = YES;
				INFOPLIST_KEY_UILaunchScreen_Generation = YES;
				INFOPLIST_KEY_UISupportedInterfaceOrientations_iPad = "UIInterfaceOrientationPortrait UIInterfaceOrientationPortraitUpsideDown UIInterfaceOrientationLandscapeLeft UIInterfaceOrientationLandscapeRight";
				INFOPLIST_KEY_UISupportedInterfaceOrientations_iPhone = "UIInterfaceOrientationPortrait UIInterfaceOrientationLandscapeLeft UIInterfaceOrientationLandscapeRight";
				LD_RUNPATH_SEARCH_PATHS = (
					"$(inherited)",
					"@executable_path/Frameworks",
				);
				MARKETING_VERSION = 1.0;
				PRODUCT_BUNDLE_IDENTIFIER = kiko.minLon;
				PRODUCT_NAME = "$(TARGET_NAME)";
				SWIFT_EMIT_LOC_STRINGS = YES;
				SWIFT_VERSION = 5.0;
				TARGETED_DEVICE_FAMILY = "1,2";
			};
			name = Debug;
		};
		24A33C092A79AA760037C892 /* Release */ = {
			isa = XCBuildConfiguration;
			buildSettings = {
				ASSETCATALOG_COMPILER_APPICON_NAME = AppIcon;
				ASSETCATALOG_COMPILER_GLOBAL_ACCENT_COLOR_NAME = AccentColor;
				CODE_SIGN_STYLE = Automatic;
				CURRENT_PROJECT_VERSION = 1;
				DEVELOPMENT_ASSET_PATHS = "\"minLon/Preview Content\"";
				DEVELOPMENT_TEAM = NYZYHCQW32;
				ENABLE_PREVIEWS = YES;
				GENERATE_INFOPLIST_FILE = YES;
				INFOPLIST_KEY_UIApplicationSceneManifest_Generation = YES;
				INFOPLIST_KEY_UIApplicationSupportsIndirectInputEvents = YES;
				INFOPLIST_KEY_UILaunchScreen_Generation = YES;
				INFOPLIST_KEY_UISupportedInterfaceOrientations_iPad = "UIInterfaceOrientationPortrait UIInterfaceOrientationPortraitUpsideDown UIInterfaceOrientationLandscapeLeft UIInterfaceOrientationLandscapeRight";
				INFOPLIST_KEY_UISupportedInterfaceOrientations_iPhone = "UIInterfaceOrientationPortrait UIInterfaceOrientationLandscapeLeft UIInterfaceOrientationLandscapeRight";
				LD_RUNPATH_SEARCH_PATHS = (
					"$(inherited)",
					"@executable_path/Frameworks",
				);
				MARKETING_VERSION = 1.0;
				PRODUCT_BUNDLE_IDENTIFIER = kiko.minLon;
				PRODUCT_NAME = "$(TARGET_NAME)";
				SWIFT_EMIT_LOC_STRINGS = YES;
				SWIFT_VERSION = 5.0;
				TARGETED_DEVICE_FAMILY = "1,2";
			};
			name = Release;
		};
		24A33C0B2A79AA760037C892 /* Debug */ = {
			isa = XCBuildConfiguration;
			buildSettings = {
				ALWAYS_EMBED_SWIFT_STANDARD_LIBRARIES = YES;
				BUNDLE_LOADER = "$(TEST_HOST)";
				CODE_SIGN_STYLE = Automatic;
				CURRENT_PROJECT_VERSION = 1;
				DEVELOPMENT_TEAM = NYZYHCQW32;
				GENERATE_INFOPLIST_FILE = YES;
				IPHONEOS_DEPLOYMENT_TARGET = 17.0;
				MARKETING_VERSION = 1.0;
				PRODUCT_BUNDLE_IDENTIFIER = kiko.minLonTests;
				PRODUCT_NAME = "$(TARGET_NAME)";
				SWIFT_EMIT_LOC_STRINGS = NO;
				SWIFT_VERSION = 5.0;
				TARGETED_DEVICE_FAMILY = "1,2";
				TEST_HOST = "$(BUILT_PRODUCTS_DIR)/minLon.app/$(BUNDLE_EXECUTABLE_FOLDER_PATH)/minLon";
			};
			name = Debug;
		};
		24A33C0C2A79AA760037C892 /* Release */ = {
			isa = XCBuildConfiguration;
			buildSettings = {
				ALWAYS_EMBED_SWIFT_STANDARD_LIBRARIES = YES;
				BUNDLE_LOADER = "$(TEST_HOST)";
				CODE_SIGN_STYLE = Automatic;
				CURRENT_PROJECT_VERSION = 1;
				DEVELOPMENT_TEAM = NYZYHCQW32;
				GENERATE_INFOPLIST_FILE = YES;
				IPHONEOS_DEPLOYMENT_TARGET = 17.0;
				MARKETING_VERSION = 1.0;
				PRODUCT_BUNDLE_IDENTIFIER = kiko.minLonTests;
				PRODUCT_NAME = "$(TARGET_NAME)";
				SWIFT_EMIT_LOC_STRINGS = NO;
				SWIFT_VERSION = 5.0;
				TARGETED_DEVICE_FAMILY = "1,2";
				TEST_HOST = "$(BUILT_PRODUCTS_DIR)/minLon.app/$(BUNDLE_EXECUTABLE_FOLDER_PATH)/minLon";
			};
			name = Release;
		};
		24A33C0E2A79AA760037C892 /* Debug */ = {
			isa = XCBuildConfiguration;
			buildSettings = {
				ALWAYS_EMBED_SWIFT_STANDARD_LIBRARIES = YES;
				CODE_SIGN_STYLE = Automatic;
				CURRENT_PROJECT_VERSION = 1;
				DEVELOPMENT_TEAM = NYZYHCQW32;
				GENERATE_INFOPLIST_FILE = YES;
				MARKETING_VERSION = 1.0;
				PRODUCT_BUNDLE_IDENTIFIER = kiko.minLonUITests;
				PRODUCT_NAME = "$(TARGET_NAME)";
				SWIFT_EMIT_LOC_STRINGS = NO;
				SWIFT_VERSION = 5.0;
				TARGETED_DEVICE_FAMILY = "1,2";
				TEST_TARGET_NAME = minLon;
			};
			name = Debug;
		};
		24A33C0F2A79AA760037C892 /* Release */ = {
			isa = XCBuildConfiguration;
			buildSettings = {
				ALWAYS_EMBED_SWIFT_STANDARD_LIBRARIES = YES;
				CODE_SIGN_STYLE = Automatic;
				CURRENT_PROJECT_VERSION = 1;
				DEVELOPMENT_TEAM = NYZYHCQW32;
				GENERATE_INFOPLIST_FILE = YES;
				MARKETING_VERSION = 1.0;
				PRODUCT_BUNDLE_IDENTIFIER = kiko.minLonUITests;
				PRODUCT_NAME = "$(TARGET_NAME)";
				SWIFT_EMIT_LOC_STRINGS = NO;
				SWIFT_VERSION = 5.0;
				TARGETED_DEVICE_FAMILY = "1,2";
				TEST_TARGET_NAME = minLon;
			};
			name = Release;
		};
/* End XCBuildConfiguration section */

/* Begin XCConfigurationList section */
		24A33BDE2A79AA720037C892 /* Build configuration list for PBXProject "minLon" */ = {
			isa = XCConfigurationList;
			buildConfigurations = (
				24A33C052A79AA760037C892 /* Debug */,
				24A33C062A79AA760037C892 /* Release */,
			);
			defaultConfigurationIsVisible = 0;
			defaultConfigurationName = Release;
		};
		24A33C072A79AA760037C892 /* Build configuration list for PBXNativeTarget "minLon" */ = {
			isa = XCConfigurationList;
			buildConfigurations = (
				24A33C082A79AA760037C892 /* Debug */,
				24A33C092A79AA760037C892 /* Release */,
			);
			defaultConfigurationIsVisible = 0;
			defaultConfigurationName = Release;
		};
		24A33C0A2A79AA760037C892 /* Build configuration list for PBXNativeTarget "minLonTests" */ = {
			isa = XCConfigurationList;
			buildConfigurations = (
				24A33C0B2A79AA760037C892 /* Debug */,
				24A33C0C2A79AA760037C892 /* Release */,
			);
			defaultConfigurationIsVisible = 0;
			defaultConfigurationName = Release;
		};
		24A33C0D2A79AA760037C892 /* Build configuration list for PBXNativeTarget "minLonUITests" */ = {
			isa = XCConfigurationList;
			buildConfigurations = (
				24A33C0E2A79AA760037C892 /* Debug */,
				24A33C0F2A79AA760037C892 /* Release */,
			);
			defaultConfigurationIsVisible = 0;
			defaultConfigurationName = Release;
		};
/* End XCConfigurationList section */
	};
	rootObject = 24A33BDB2A79AA720037C892 /* Project object */;
}
